
Microsoft Visual Studio Solution File, Format Version 12.00
# Visual Studio Version 17
VisualStudioVersion = 17.11.35327.3
MinimumVisualStudioVersion = 10.0.40219.1
Project("{FAE04EC0-301F-11D3-BF4B-00C04F79EFBC}") = "encapsulamento-modelo-de-dominio", "encapsulamento-modelo-de-dominio\encapsulamento-modelo-de-dominio.csproj", "{81669076-C491-447A-9D20-467A9D535A41}"
EndProject
Global
	GlobalSection(SolutionConfigurationPlatforms) = preSolution
		Debug|Any CPU = Debug|Any CPU
		Release|Any CPU = Release|Any CPU
	EndGlobalSection
	GlobalSection(ProjectConfigurationPlatforms) = postSolution
		{81669076-C491-447A-9D20-467A9D535A41}.Debug|Any CPU.ActiveCfg = Debug|Any CPU
		{81669076-C491-447A-9D20-467A9D535A41}.Debug|Any CPU.Build.0 = Debug|Any CPU
		{81669076-C491-447A-9D20-467A9D535A41}.Release|Any CPU.ActiveCfg = Release|Any CPU
		{81669076-C491-447A-9D20-467A9D535A41}.Release|Any CPU.Build.0 = Release|Any CPU
	EndGlobalSection
	GlobalSection(SolutionProperties) = preSolution
		HideSolutionNode = FALSE
	EndGlobalSection
	GlobalSection(ExtensibilityGlobals) = postSolution
		SolutionGuid = {E60EFC64-B871-4716-8A08-48E76149DEB7}
	EndGlobalSection
EndGlobal
