
Microsoft Visual Studio Solution File, Format Version 12.00
# Visual Studio Version 17
VisualStudioVersion = 17.11.35327.3
MinimumVisualStudioVersion = 10.0.40219.1
Project("{FAE04EC0-301F-11D3-BF4B-00C04F79EFBC}") = "open-close-principle-responsability", "open-close-principle-responsability\open-close-principle-responsability.csproj", "{55AA1C1A-4119-44CA-8912-7914ED3A15CB}"
EndProject
Global
	GlobalSection(SolutionConfigurationPlatforms) = preSolution
		Debug|Any CPU = Debug|Any CPU
		Release|Any CPU = Release|Any CPU
	EndGlobalSection
	GlobalSection(ProjectConfigurationPlatforms) = postSolution
		{55AA1C1A-4119-44CA-8912-7914ED3A15CB}.Debug|Any CPU.ActiveCfg = Debug|Any CPU
		{55AA1C1A-4119-44CA-8912-7914ED3A15CB}.Debug|Any CPU.Build.0 = Debug|Any CPU
		{55AA1C1A-4119-44CA-8912-7914ED3A15CB}.Release|Any CPU.ActiveCfg = Release|Any CPU
		{55AA1C1A-4119-44CA-8912-7914ED3A15CB}.Release|Any CPU.Build.0 = Release|Any CPU
	EndGlobalSection
	GlobalSection(SolutionProperties) = preSolution
		HideSolutionNode = FALSE
	EndGlobalSection
	GlobalSection(ExtensibilityGlobals) = postSolution
		SolutionGuid = {7F9A4326-0803-4D84-AF9D-1CA26E4C90B5}
	EndGlobalSection
EndGlobal
